	<Project xmlns="http://schemas.microsoft.com/developer/msbuild/2003">
		<PropertyGroup>
			<ProjectGuid>{1599FCF5-6625-4E97-9FB1-8F168811AEB3}</ProjectGuid>
			<MainSource>GitIDE160.dpk</MainSource>
			<Base>True</Base>
			<Config Condition="'$(Config)'==''">Debug</Config>
			<TargetedPlatforms>1</TargetedPlatforms>
			<AppType>Package</AppType>
			<FrameworkType>None</FrameworkType>
			<ProjectVersion>15.4</ProjectVersion>
			<Platform Condition="'$(Platform)'==''">Win32</Platform>
		</PropertyGroup>
		<PropertyGroup Condition="'$(Config)'=='Base' or '$(Base)'!=''">
			<Base>true</Base>
		</PropertyGroup>
		<PropertyGroup Condition="('$(Platform)'=='OSX32' and '$(Base)'=='true') or '$(Base_OSX32)'!=''">
			<Base_OSX32>true</Base_OSX32>
			<CfgParent>Base</CfgParent>
			<Base>true</Base>
		</PropertyGroup>
		<PropertyGroup Condition="('$(Platform)'=='Win64' and '$(Base)'=='true') or '$(Base_Win64)'!=''">
			<Base_Win64>true</Base_Win64>
			<CfgParent>Base</CfgParent>
			<Base>true</Base>
		</PropertyGroup>
		<PropertyGroup Condition="('$(Platform)'=='Win32' and '$(Base)'=='true') or '$(Base_Win32)'!=''">
			<Base_Win32>true</Base_Win32>
			<CfgParent>Base</CfgParent>
			<Base>true</Base>
		</PropertyGroup>
		<PropertyGroup Condition="'$(Config)'=='Release' or '$(Cfg_1)'!=''">
			<Cfg_1>true</Cfg_1>
			<CfgParent>Base</CfgParent>
			<Base>true</Base>
		</PropertyGroup>
		<PropertyGroup Condition="'$(Config)'=='Debug' or '$(Cfg_2)'!=''">
			<Cfg_2>true</Cfg_2>
			<CfgParent>Base</CfgParent>
			<Base>true</Base>
		</PropertyGroup>
		<PropertyGroup Condition="('$(Platform)'=='Win32' and '$(Cfg_2)'=='true') or '$(Cfg_2_Win32)'!=''">
			<Cfg_2_Win32>true</Cfg_2_Win32>
			<CfgParent>Cfg_2</CfgParent>
			<Cfg_2>true</Cfg_2>
			<Base>true</Base>
		</PropertyGroup>
		<PropertyGroup Condition="'$(Base)'!=''">
			<DCC_UnitSearchPath>..\verinsmisc\;$(DCC_UnitSearchPath)</DCC_UnitSearchPath>
			<DCC_Namespace>System;Xml;Data;Datasnap;Web;Soap;Winapi;System.Win;Vcl;Vcl.Imaging;$(DCC_Namespace)</DCC_Namespace>
			<DCC_N>false</DCC_N>
			<GenPackage>true</GenPackage>
			<DCC_ImageBase>00400000</DCC_ImageBase>
			<VerInfo_Locale>1033</VerInfo_Locale>
			<DCC_F>false</DCC_F>
			<DCC_S>false</DCC_S>
			<DCC_DebugInformation>true</DCC_DebugInformation>
			<VerInfo_Keys>CompanyName=;FileDescription=;FileVersion=1.0.0.0;InternalName=;LegalCopyright=;LegalTrademarks=;OriginalFilename=;ProductName=;ProductVersion=1.0.0.0;Comments=;CFBundleName=</VerInfo_Keys>
			<SanitizedProjectName>GitIDE200</SanitizedProjectName>
			<DCC_E>false</DCC_E>
			<DCC_K>false</DCC_K>
			<GenDll>true</GenDll>
		</PropertyGroup>
		<PropertyGroup Condition="'$(Base_OSX32)'!=''">
			<DCC_UsePackage>rtl;$(DCC_UsePackage)</DCC_UsePackage>
		</PropertyGroup>
		<PropertyGroup Condition="'$(Base_Win64)'!=''">
			<DCC_UsePackage>rtl;vclimg;$(DCC_UsePackage)</DCC_UsePackage>
		</PropertyGroup>
		<PropertyGroup Condition="'$(Base_Win32)'!=''">
			<DCC_UsePackage>rtl;vclimg;svnui;svnui200;svnui160;$(DCC_UsePackage)</DCC_UsePackage>
			<DCC_Namespace>Data.Win;Datasnap.Win;Web.Win;Soap.Win;Xml.Win;Bde;$(DCC_Namespace)</DCC_Namespace>
			<VerInfo_Locale>1033</VerInfo_Locale>
			<VerInfo_IncludeVerInfo>true</VerInfo_IncludeVerInfo>
			<VerInfo_Keys>CompanyName=;FileDescription=;FileVersion=1.0.0.0;InternalName=;LegalCopyright=;LegalTrademarks=;OriginalFilename=;ProductName=;ProductVersion=1.0.0.0;Comments=</VerInfo_Keys>
		</PropertyGroup>
		<PropertyGroup Condition="'$(Cfg_1)'!=''">
			<DCC_SymbolReferenceInfo>0</DCC_SymbolReferenceInfo>
			<DCC_Define>RELEASE;$(DCC_Define)</DCC_Define>
			<DCC_LocalDebugSymbols>false</DCC_LocalDebugSymbols>
			<DCC_DebugInformation>0</DCC_DebugInformation>
		</PropertyGroup>
		<PropertyGroup Condition="'$(Cfg_2)'!=''">
			<DCC_GenerateStackFrames>true</DCC_GenerateStackFrames>
			<DCC_Define>DEBUG;$(DCC_Define)</DCC_Define>
			<DCC_Optimize>false</DCC_Optimize>
		</PropertyGroup>
		<PropertyGroup Condition="'$(Cfg_2_Win32)'!=''">
			<VerInfo_IncludeVerInfo>true</VerInfo_IncludeVerInfo>
			<VerInfo_Keys>CompanyName=;FileDescription=;FileVersion=1.0.0.0;InternalName=;LegalCopyright=;LegalTrademarks=;OriginalFilename=;ProductName=;ProductVersion=1.0.0.0;Comments=</VerInfo_Keys>
		</PropertyGroup>
		<ItemGroup>
			<DelphiCompile Include="$(MainSource)">
				<MainSource>MainSource</MainSource>
			</DelphiCompile>
			<DCCReference Include="rtl.dcp"/>
			<DCCReference Include="designide.dcp"/>
			<DCCReference Include="vclimg.dcp"/>
			<DCCReference Include="svnide160.dcp"/>
			<DCCReference Include="svnui160.dcp"/>
			<DCCReference Include="GitIDEHistory.pas"/>
			<DCCReference Include="GitIDEClient.pas"/>
			<DCCReference Include="GitClient.pas"/>
			<DCCReference Include="GitIDEAddInOptions.pas"/>
			<DCCReference Include="GitAddInOptionsFrame.pas">
				<Form>frmGitTestsOptions</Form>
				<DesignClass>TFrame</DesignClass>
			</DCCReference>
			<DCCReference Include="GitIDEConst.pas"/>
			<DCCReference Include="GitIDEMenus.pas"/>
			<DCCReference Include="GitClientCheckout.pas">
				<Form>GitCheckoutDialog</Form>
			</DCCReference>
			<DCCReference Include="GitIDECheckout.pas"/>
			<DCCReference Include="GitUIConst.pas"/>
			<DCCReference Include="GitClientProjectSelect.pas">
				<Form>GitProjectSelectDialog</Form>
			</DCCReference>
			<DCCReference Include="GitImages.pas">
				<Form>GitImageModule</Form>
				<DesignClass>TDataModule</DesignClass>
			</DCCReference>
			<DCCReference Include="GitClientUpdate.pas">
				<Form>GitUpdateDialog</Form>
			</DCCReference>
			<DCCReference Include="GitClientCommitFrame.pas">
				<Form>GitCommitFrame</Form>
				<DesignClass>TFrame</DesignClass>
			</DCCReference>
			<DCCReference Include="GitClientRecentComments.pas">
				<Form>GitRecentCommentsDialog</Form>
			</DCCReference>
			<DCCReference Include="GitIDECommit.pas"/>
			<DCCReference Include="GitIDEMessageView.pas"/>
			<DCCReference Include="GitIDEUtils.pas"/>
			<DCCReference Include="GitTree.pas"/>
			<DCCReference Include="GitUITypes.pas"/>
			<DCCReference Include="GitUIUtils.pas"/>
			<DCCReference Include="GitIDELog.pas"/>
			<DCCReference Include="GitClientLog.pas">
				<Form>GitLogFrame</Form>
				<DesignClass>TFrame</DesignClass>
			</DCCReference>
			<DCCReference Include="GitIDETypes.pas"/>
			<DCCReference Include="GitClientProgress.pas">
				<Form>GitProgressDialog</Form>
			</DCCReference>
			<DCCReference Include="GitIDEColors.pas"/>
			<DCCReference Include="GitIDERevert.pas"/>
			<RcCompile Include="..\resources\tsvn.rc">
				<Form>tsvn.res</Form>
			</RcCompile>
			<BuildConfiguration Include="Debug">
				<Key>Cfg_2</Key>
				<CfgParent>Base</CfgParent>
			</BuildConfiguration>
			<BuildConfiguration Include="Base">
				<Key>Base</Key>
			</BuildConfiguration>
			<BuildConfiguration Include="Release">
				<Key>Cfg_1</Key>
				<CfgParent>Base</CfgParent>
			</BuildConfiguration>
		</ItemGroup>
		<ProjectExtensions>
			<Borland.Personality>Delphi.Personality.12</Borland.Personality>
			<Borland.ProjectType>Package</Borland.ProjectType>
			<BorlandProject>
				<Delphi.Personality>
					<Source>
						<Source Name="MainSource">GitIDE160.dpk</Source>
					</Source>
					<Excluded_Packages>
						<Excluded_Packages Name="$(BDSBIN)\dcloffice2k200.bpl">Microsoft Office 2000 Sample Automation Server Wrapper Components</Excluded_Packages>
						<Excluded_Packages Name="$(BDSBIN)\dclofficexp200.bpl">Microsoft Office XP Sample Automation Server Wrapper Components</Excluded_Packages>
						<Excluded_Packages Name="D:\DevBin\Projects_TRUNK_XE6\Bpl\Win32\dclodac200.bpl">Devart Oracle Data Access Components</Excluded_Packages>
						<Excluded_Packages Name="D:\DevBin\Projects_TRUNK_XE6\Bpl\Win32\JclBaseExpert200.bpl">JCL Package containing common units for JCL Experts</Excluded_Packages>
						<Excluded_Packages Name="D:\DevBin\Projects_TRUNK_XE6\Bpl\Win32\JclDebugExpert200.bpl">JCL Debug IDE extension</Excluded_Packages>
						<Excluded_Packages Name="D:\DevBin\Projects_TRUNK_XE6\Bpl\Win32\JclFavoriteFoldersExpert200.bpl">JCL Open and Save IDE dialogs with favorite folders</Excluded_Packages>
						<Excluded_Packages Name="D:\DevBin\Projects_TRUNK_XE6\Bpl\Win32\JclProjectAnalysisExpert200.bpl">JCL Project Analyzer</Excluded_Packages>
						<Excluded_Packages Name="D:\DevBin\Projects_TRUNK_XE6\Bpl\Win32\JclRepositoryExpert200.bpl">JCL Package containing repository wizards</Excluded_Packages>
						<Excluded_Packages Name="D:\DevBin\Projects_TRUNK_XE6\Bpl\Win32\JclSIMDViewExpert200.bpl">JCL Debug Window of XMM registers</Excluded_Packages>
						<Excluded_Packages Name="D:\DevBin\Projects_TRUNK_XE6\Bpl\Win32\JclStackTraceViewerExpert200.bpl">JCL Stack Trace Viewer</Excluded_Packages>
						<Excluded_Packages Name="D:\DevBin\Projects_TRUNK_XE6\Bpl\Win32\JclVersionControlExpert200.bpl">JCL Integration of version control systems in the IDE</Excluded_Packages>
						<Excluded_Packages Name="D:\DevBin\Projects_TRUNK_XE6\Bpl\Win32\madBasic_.bpl">madBasic 1.2.4  -  www.madshi.net</Excluded_Packages>
						<Excluded_Packages Name="D:\DevBin\Projects_TRUNK_XE6\Bpl\Win32\madDisAsm_.bpl">madDisAsm 2.2.4  -  www.madshi.net</Excluded_Packages>
						<Excluded_Packages Name="D:\DevBin\Projects_TRUNK_XE6\Bpl\Win32\madExcept_.bpl">madExcept 4.0.10  -  www.madshi.net</Excluded_Packages>
						<Excluded_Packages Name="D:\DevBin\Projects_TRUNK_XE6\Bpl\Win32\madExceptVcl_.bpl">madExceptVcl 2.1.0  -  www.madshi.net</Excluded_Packages>
						<Excluded_Packages Name="D:\DevBin\Projects_TRUNK_XE6\Bpl\Win32\madExceptIde_.bpl">madExceptIde 1.1.0  -  www.madshi.net</Excluded_Packages>
						<Excluded_Packages Name="D:\DevBin\Projects_TRUNK_XE6\Bpl\Win32\madExceptWizard_.bpl">madExceptWizard 3.1.5  -  www.madshi.net</Excluded_Packages>
						<Excluded_Packages Name="D:\DevBin\Projects_TRUNK_XE6\Bpl\Win32\dcldxSkinsDesignHelperRS19.bpl">ExpressSkins Library Uses Clause Auto Fill Helper by Developer Express Inc.</Excluded_Packages>
						<Excluded_Packages Name="D:\DevBin\Projects_TRUNK_XE6\Bpl\Win32\dcldxSkinscxEditorsHelperRS19.bpl">ExpressSkins Library Uses Clause Auto Fill Helper for ExpressEditors by Developer Express Inc.</Excluded_Packages>
						<Excluded_Packages Name="D:\DevBin\Projects_TRUNK_XE6\Bpl\Win32\dcldxSkinscxPCPainterRS19.bpl">ExpressSkins Library Uses Clause Auto Fill Helper for PageControl Painter by Developer Express Inc.</Excluded_Packages>
					</Excluded_Packages>
					<VersionInfo>
						<VersionInfo Name="IncludeVerInfo">False</VersionInfo>
						<VersionInfo Name="AutoIncBuild">False</VersionInfo>
						<VersionInfo Name="MajorVer">1</VersionInfo>
						<VersionInfo Name="MinorVer">0</VersionInfo>
						<VersionInfo Name="Release">0</VersionInfo>
						<VersionInfo Name="Build">0</VersionInfo>
						<VersionInfo Name="Debug">False</VersionInfo>
						<VersionInfo Name="PreRelease">False</VersionInfo>
						<VersionInfo Name="Special">False</VersionInfo>
						<VersionInfo Name="Private">False</VersionInfo>
						<VersionInfo Name="DLL">False</VersionInfo>
						<VersionInfo Name="Locale">1033</VersionInfo>
						<VersionInfo Name="CodePage">1252</VersionInfo>
					</VersionInfo>
					<VersionInfoKeys>
						<VersionInfoKeys Name="CompanyName"/>
						<VersionInfoKeys Name="FileDescription"/>
						<VersionInfoKeys Name="FileVersion">1.0.0.0</VersionInfoKeys>
						<VersionInfoKeys Name="InternalName"/>
						<VersionInfoKeys Name="LegalCopyright"/>
						<VersionInfoKeys Name="LegalTrademarks"/>
						<VersionInfoKeys Name="OriginalFilename"/>
						<VersionInfoKeys Name="ProductName"/>
						<VersionInfoKeys Name="ProductVersion">1.0.0.0</VersionInfoKeys>
						<VersionInfoKeys Name="Comments"/>
					</VersionInfoKeys>
				</Delphi.Personality>
				<Platforms>
					<Platform value="OSX32">False</Platform>
					<Platform value="Win64">False</Platform>
					<Platform value="Win32">True</Platform>
				</Platforms>
			</BorlandProject>
			<ProjectFileVersion>12</ProjectFileVersion>
		</ProjectExtensions>
		<Import Condition="Exists('$(BDS)\Bin\CodeGear.Delphi.Targets')" Project="$(BDS)\Bin\CodeGear.Delphi.Targets"/>
		<Import Condition="Exists('$(APPDATA)\Embarcadero\$(BDSAPPDATABASEDIR)\$(PRODUCTVERSION)\UserTools.proj')" Project="$(APPDATA)\Embarcadero\$(BDSAPPDATABASEDIR)\$(PRODUCTVERSION)\UserTools.proj"/>
	</Project>
